{
  "requires": true,
  "lockfileVersion": 1,
  "dependencies": {
    "@types/node": {
      "version": "10.12.18",
      "resolved": "https://registry.npmjs.org/@types/node/-/node-10.12.18.tgz",
      "integrity": "sha512-fh+pAqt4xRzPfqA6eh3Z2y6fyZavRIumvjhaCL753+TVkGKGhpPeyrJG2JftD0T9q4GF00KjefsQ+PQNDdWQaQ=="
    },
    "hamt_plus": {
      "version": "1.0.2",
      "resolved": "https://registry.npmjs.org/hamt_plus/-/hamt_plus-1.0.2.tgz",
      "integrity": "sha1-4hwlKWjH4zsg9qGwlM2FeHomVgE="
    },
    "list": {
      "version": "2.0.16",
      "resolved": "https://registry.npmjs.org/list/-/list-2.0.16.tgz",
      "integrity": "sha512-A/hl9z2uM/VChZbxNvt5QOCZW4f+eKeW4gfJB1npoE0RKp3g18K3/38hm9kkpXK45niy/BTAVjW8IDHKyCxzkg=="
    },
    "prelude-ts": {
      "version": "0.8.2",
      "resolved": "https://registry.npmjs.org/prelude-ts/-/prelude-ts-0.8.2.tgz",
      "integrity": "sha512-Y1whOc7QNfXCKVsBRzZy29R5+vnGVivtHUTNb8gHHGLZBNt/pRtMCv7nkEovMAnMpRO7BjQTht19xcw45abVaw==",
      "requires": {
        "hamt_plus": "1.0.2",
        "list": "2.0.16"
      }
    }
  }
}
